
Microsoft Visual Studio Solution File, Format Version 12.00
# Visual Studio 15
VisualStudioVersion = 15.0.28307.168
MinimumVisualStudioVersion = 10.0.40219.1
Project("{FAE04EC0-301F-11D3-BF4B-00C04F79EFBC}") = "DemoEFCore", "DemoEFCore\DemoEFCore.csproj", "{2F785722-5A14-4144-83DD-0A1B85BF7178}"
EndProject
Global
	GlobalSection(SolutionConfigurationPlatforms) = preSolution
		Debug|Any CPU = Debug|Any CPU
		Release|Any CPU = Release|Any CPU
	EndGlobalSection
	GlobalSection(ProjectConfigurationPlatforms) = postSolution
		{2F785722-5A14-4144-83DD-0A1B85BF7178}.Debug|Any CPU.ActiveCfg = Debug|Any CPU
		{2F785722-5A14-4144-83DD-0A1B85BF7178}.Debug|Any CPU.Build.0 = Debug|Any CPU
		{2F785722-5A14-4144-83DD-0A1B85BF7178}.Release|Any CPU.ActiveCfg = Release|Any CPU
		{2F785722-5A14-4144-83DD-0A1B85BF7178}.Release|Any CPU.Build.0 = Release|Any CPU
	EndGlobalSection
	GlobalSection(SolutionProperties) = preSolution
		HideSolutionNode = FALSE
	EndGlobalSection
	GlobalSection(ExtensibilityGlobals) = postSolution
		SolutionGuid = {528A2391-CE4A-4F3B-A19E-9E812A554110}
	EndGlobalSection
EndGlobal
